
Microsoft Visual Studio Solution File, Format Version 12.00
# Visual Studio Version 17
VisualStudioVersion = 17.8.34309.116
MinimumVisualStudioVersion = 10.0.40219.1
Project("{9A19103F-16F7-4668-BE54-9A1E7A4F7556}") = "TelegramBot.Api", "TelegramBot.Api.csproj", "{4FB2A19A-CC0A-4F09-B106-D2D6F51B3044}"
EndProject
Project("{9A19103F-16F7-4668-BE54-9A1E7A4F7556}") = "TelegramBot.Domain", "..\TelegramBot.Domain\TelegramBot.Domain.csproj", "{8F3900B2-6C05-4752-8458-6A6B1F4C541E}"
EndProject
Project("{9A19103F-16F7-4668-BE54-9A1E7A4F7556}") = "TelegramBot.Application", "..\TelegramBot.Application\TelegramBot.Application.csproj", "{AEF68DBB-F0FD-4210-AB62-468C266A9F38}"
EndProject
Project("{9A19103F-16F7-4668-BE54-9A1E7A4F7556}") = "TelegramBot.Infrastrucutre", "..\TelegramBot.Infrastrucutre\TelegramBot.Infrastrucutre.csproj", "{51108C30-7D90-41D1-9345-827DDD08ADB8}"
EndProject
Project("{FAE04EC0-301F-11D3-BF4B-00C04F79EFBC}") = "TelegramBot.Persistence", "..\TelegramBot.Persistence\TelegramBot.Persistence.csproj", "{8393BC61-1919-494F-8C57-19F82180A5F2}"
EndProject
Global
	GlobalSection(SolutionConfigurationPlatforms) = preSolution
		Debug|Any CPU = Debug|Any CPU
		Release|Any CPU = Release|Any CPU
	EndGlobalSection
	GlobalSection(ProjectConfigurationPlatforms) = postSolution
		{4FB2A19A-CC0A-4F09-B106-D2D6F51B3044}.Debug|Any CPU.ActiveCfg = Debug|Any CPU
		{4FB2A19A-CC0A-4F09-B106-D2D6F51B3044}.Debug|Any CPU.Build.0 = Debug|Any CPU
		{4FB2A19A-CC0A-4F09-B106-D2D6F51B3044}.Release|Any CPU.ActiveCfg = Release|Any CPU
		{4FB2A19A-CC0A-4F09-B106-D2D6F51B3044}.Release|Any CPU.Build.0 = Release|Any CPU
		{8F3900B2-6C05-4752-8458-6A6B1F4C541E}.Debug|Any CPU.ActiveCfg = Debug|Any CPU
		{8F3900B2-6C05-4752-8458-6A6B1F4C541E}.Debug|Any CPU.Build.0 = Debug|Any CPU
		{8F3900B2-6C05-4752-8458-6A6B1F4C541E}.Release|Any CPU.ActiveCfg = Release|Any CPU
		{8F3900B2-6C05-4752-8458-6A6B1F4C541E}.Release|Any CPU.Build.0 = Release|Any CPU
		{AEF68DBB-F0FD-4210-AB62-468C266A9F38}.Debug|Any CPU.ActiveCfg = Debug|Any CPU
		{AEF68DBB-F0FD-4210-AB62-468C266A9F38}.Debug|Any CPU.Build.0 = Debug|Any CPU
		{AEF68DBB-F0FD-4210-AB62-468C266A9F38}.Release|Any CPU.ActiveCfg = Release|Any CPU
		{AEF68DBB-F0FD-4210-AB62-468C266A9F38}.Release|Any CPU.Build.0 = Release|Any CPU
		{51108C30-7D90-41D1-9345-827DDD08ADB8}.Debug|Any CPU.ActiveCfg = Debug|Any CPU
		{51108C30-7D90-41D1-9345-827DDD08ADB8}.Debug|Any CPU.Build.0 = Debug|Any CPU
		{51108C30-7D90-41D1-9345-827DDD08ADB8}.Release|Any CPU.ActiveCfg = Release|Any CPU
		{51108C30-7D90-41D1-9345-827DDD08ADB8}.Release|Any CPU.Build.0 = Release|Any CPU
		{8393BC61-1919-494F-8C57-19F82180A5F2}.Debug|Any CPU.ActiveCfg = Debug|Any CPU
		{8393BC61-1919-494F-8C57-19F82180A5F2}.Debug|Any CPU.Build.0 = Debug|Any CPU
		{8393BC61-1919-494F-8C57-19F82180A5F2}.Release|Any CPU.ActiveCfg = Release|Any CPU
		{8393BC61-1919-494F-8C57-19F82180A5F2}.Release|Any CPU.Build.0 = Release|Any CPU
	EndGlobalSection
	GlobalSection(SolutionProperties) = preSolution
		HideSolutionNode = FALSE
	EndGlobalSection
	GlobalSection(ExtensibilityGlobals) = postSolution
		SolutionGuid = {05DC4B85-58B6-4BF9-82B1-A19517452AAD}
	EndGlobalSection
EndGlobal
